{
  "name": "dynamic-brush",
  "version": "1.0.0",
  "lockfileVersion": 2,
  "requires": true,
  "packages": {
    "": {
      "name": "dynamic-brush",
      "version": "1.0.0",
      "license": "ISC",
      "dependencies": {
        "ccapture-fixed-2.js": "^1.0.9",
        "p5.webm-capture": "^1.0.1"
      }
    },
    "node_modules/ccapture-fixed-2.js": {
      "version": "1.0.9",
      "resolved": "https://registry.npmjs.org/ccapture-fixed-2.js/-/ccapture-fixed-2.js-1.0.9.tgz",
      "integrity": "sha512-TvM3EZyDT1bOJTI+Psej0TQpFj7k/c+3dn7ceMRo4py/st82YKfzxxk3+6z0wPWNxFFmygIwcIyF9aw6WJUUUQ=="
    },
    "node_modules/p5.webm-capture": {
      "version": "1.0.1",
      "resolved": "https://registry.npmjs.org/p5.webm-capture/-/p5.webm-capture-1.0.1.tgz",
      "integrity": "sha512-qUQEPykAGbzJyYRQnYSJe0sG6UVa22xy4020xQAAPXgrLLPJc6hDdBWkgi2YGngibJMDZ/1jd+e5hxBFvgitng=="
    }
  },
  "dependencies": {
    "ccapture-fixed-2.js": {
      "version": "1.0.9",
      "resolved": "https://registry.npmjs.org/ccapture-fixed-2.js/-/ccapture-fixed-2.js-1.0.9.tgz",
      "integrity": "sha512-TvM3EZyDT1bOJTI+Psej0TQpFj7k/c+3dn7ceMRo4py/st82YKfzxxk3+6z0wPWNxFFmygIwcIyF9aw6WJUUUQ=="
    },
    "p5.webm-capture": {
      "version": "1.0.1",
      "resolved": "https://registry.npmjs.org/p5.webm-capture/-/p5.webm-capture-1.0.1.tgz",
      "integrity": "sha512-qUQEPykAGbzJyYRQnYSJe0sG6UVa22xy4020xQAAPXgrLLPJc6hDdBWkgi2YGngibJMDZ/1jd+e5hxBFvgitng=="
    }
  }
}
